
Microsoft Visual Studio Solution File, Format Version 12.00
# Visual Studio Version 17
VisualStudioVersion = 17.0.31611.283
MinimumVisualStudioVersion = 10.0.40219.1
Project("{9A19103F-16F7-4668-BE54-9A1E7A4F7556}") = "TransactionMobile.Maui", "TransactionMobile.Maui\TransactionMobile.Maui.csproj", "{73668181-7A26-435D-83E3-CF141AC8FD0B}"
EndProject
Project("{2150E333-8FDC-42A3-9474-1A3956D46DE8}") = "src", "src", "{1CBEF4C1-7D90-4A78-AA55-D81F1447A70E}"
EndProject
Project("{2150E333-8FDC-42A3-9474-1A3956D46DE8}") = "test", "test", "{AB312EE3-CBA4-469A-8694-67C5466298C5}"
EndProject
Project("{9A19103F-16F7-4668-BE54-9A1E7A4F7556}") = "TransactionMobile.Maui.BusinessLogic.Tests", "TransactionMobile.Maui.BusinessLogic.Tests\TransactionMobile.Maui.BusinessLogic.Tests.csproj", "{0894F054-5C4D-4DDD-A8E9-636416189234}"
EndProject
Project("{9A19103F-16F7-4668-BE54-9A1E7A4F7556}") = "TransactionMobile.Maui.BusinessLogic", "TransactionMobile.Maui.BusinessLogic\TransactionMobile.Maui.BusinessLogic.csproj", "{902D54CF-CD5F-4932-B1DC-01A3937AC054}"
EndProject
Project("{2150E333-8FDC-42A3-9474-1A3956D46DE8}") = "Solution Items", "Solution Items", "{354A147A-375C-4002-9019-215F84AC389C}"
	ProjectSection(SolutionItems) = preProject
		.github\workflows\createrelease.yml = .github\workflows\createrelease.yml
		Nuget.config = Nuget.config
		pullrequest_endtoend.yml = pullrequest_endtoend.yml
		pullrequest_navigationtests.yml = pullrequest_navigationtests.yml
		pullrequest_unittests.yml = pullrequest_unittests.yml
	EndProjectSection
EndProject
Project("{9A19103F-16F7-4668-BE54-9A1E7A4F7556}") = "TransactionMobile.Maui.UiTests", "TransactionMobile.Maui.UiTests\TransactionMobile.Maui.UiTests.csproj", "{1F7CE7A2-6350-4F8A-B758-5E275C9C88C9}"
EndProject
Global
	GlobalSection(SolutionConfigurationPlatforms) = preSolution
		Debug|Any CPU = Debug|Any CPU
		Debug|x64 = Debug|x64
		Release|Any CPU = Release|Any CPU
		Release|x64 = Release|x64
		TestAuomation|Any CPU = TestAuomation|Any CPU
		TestAuomation|x64 = TestAuomation|x64
	EndGlobalSection
	GlobalSection(ProjectConfigurationPlatforms) = postSolution
		{73668181-7A26-435D-83E3-CF141AC8FD0B}.Debug|Any CPU.ActiveCfg = Debug|Any CPU
		{73668181-7A26-435D-83E3-CF141AC8FD0B}.Debug|Any CPU.Build.0 = Debug|Any CPU
		{73668181-7A26-435D-83E3-CF141AC8FD0B}.Debug|Any CPU.Deploy.0 = Debug|Any CPU
		{73668181-7A26-435D-83E3-CF141AC8FD0B}.Debug|x64.ActiveCfg = Debug|Any CPU
		{73668181-7A26-435D-83E3-CF141AC8FD0B}.Debug|x64.Build.0 = Debug|Any CPU
		{73668181-7A26-435D-83E3-CF141AC8FD0B}.Debug|x64.Deploy.0 = Debug|Any CPU
		{73668181-7A26-435D-83E3-CF141AC8FD0B}.Release|Any CPU.ActiveCfg = Release|Any CPU
		{73668181-7A26-435D-83E3-CF141AC8FD0B}.Release|Any CPU.Build.0 = Release|Any CPU
		{73668181-7A26-435D-83E3-CF141AC8FD0B}.Release|Any CPU.Deploy.0 = Release|Any CPU
		{73668181-7A26-435D-83E3-CF141AC8FD0B}.Release|x64.ActiveCfg = Release|Any CPU
		{73668181-7A26-435D-83E3-CF141AC8FD0B}.Release|x64.Build.0 = Release|Any CPU
		{73668181-7A26-435D-83E3-CF141AC8FD0B}.Release|x64.Deploy.0 = Release|Any CPU
		{73668181-7A26-435D-83E3-CF141AC8FD0B}.TestAuomation|Any CPU.ActiveCfg = Release|Any CPU
		{73668181-7A26-435D-83E3-CF141AC8FD0B}.TestAuomation|Any CPU.Build.0 = Release|Any CPU
		{73668181-7A26-435D-83E3-CF141AC8FD0B}.TestAuomation|Any CPU.Deploy.0 = Release|Any CPU
		{73668181-7A26-435D-83E3-CF141AC8FD0B}.TestAuomation|x64.ActiveCfg = Release|Any CPU
		{73668181-7A26-435D-83E3-CF141AC8FD0B}.TestAuomation|x64.Build.0 = Release|Any CPU
		{73668181-7A26-435D-83E3-CF141AC8FD0B}.TestAuomation|x64.Deploy.0 = Release|Any CPU
		{0894F054-5C4D-4DDD-A8E9-636416189234}.Debug|Any CPU.ActiveCfg = Debug|Any CPU
		{0894F054-5C4D-4DDD-A8E9-636416189234}.Debug|Any CPU.Build.0 = Debug|Any CPU
		{0894F054-5C4D-4DDD-A8E9-636416189234}.Debug|x64.ActiveCfg = Debug|Any CPU
		{0894F054-5C4D-4DDD-A8E9-636416189234}.Debug|x64.Build.0 = Debug|Any CPU
		{0894F054-5C4D-4DDD-A8E9-636416189234}.Release|Any CPU.ActiveCfg = Release|Any CPU
		{0894F054-5C4D-4DDD-A8E9-636416189234}.Release|Any CPU.Build.0 = Release|Any CPU
		{0894F054-5C4D-4DDD-A8E9-636416189234}.Release|x64.ActiveCfg = Release|Any CPU
		{0894F054-5C4D-4DDD-A8E9-636416189234}.Release|x64.Build.0 = Release|Any CPU
		{0894F054-5C4D-4DDD-A8E9-636416189234}.TestAuomation|Any CPU.ActiveCfg = Release|Any CPU
		{0894F054-5C4D-4DDD-A8E9-636416189234}.TestAuomation|Any CPU.Build.0 = Release|Any CPU
		{0894F054-5C4D-4DDD-A8E9-636416189234}.TestAuomation|x64.ActiveCfg = Release|Any CPU
		{0894F054-5C4D-4DDD-A8E9-636416189234}.TestAuomation|x64.Build.0 = Release|Any CPU
		{902D54CF-CD5F-4932-B1DC-01A3937AC054}.Debug|Any CPU.ActiveCfg = Debug|Any CPU
		{902D54CF-CD5F-4932-B1DC-01A3937AC054}.Debug|Any CPU.Build.0 = Debug|Any CPU
		{902D54CF-CD5F-4932-B1DC-01A3937AC054}.Debug|x64.ActiveCfg = Debug|Any CPU
		{902D54CF-CD5F-4932-B1DC-01A3937AC054}.Debug|x64.Build.0 = Debug|Any CPU
		{902D54CF-CD5F-4932-B1DC-01A3937AC054}.Release|Any CPU.ActiveCfg = Release|Any CPU
		{902D54CF-CD5F-4932-B1DC-01A3937AC054}.Release|Any CPU.Build.0 = Release|Any CPU
		{902D54CF-CD5F-4932-B1DC-01A3937AC054}.Release|x64.ActiveCfg = Release|Any CPU
		{902D54CF-CD5F-4932-B1DC-01A3937AC054}.Release|x64.Build.0 = Release|Any CPU
		{902D54CF-CD5F-4932-B1DC-01A3937AC054}.TestAuomation|Any CPU.ActiveCfg = Release|Any CPU
		{902D54CF-CD5F-4932-B1DC-01A3937AC054}.TestAuomation|Any CPU.Build.0 = Release|Any CPU
		{902D54CF-CD5F-4932-B1DC-01A3937AC054}.TestAuomation|x64.ActiveCfg = Release|Any CPU
		{902D54CF-CD5F-4932-B1DC-01A3937AC054}.TestAuomation|x64.Build.0 = Release|Any CPU
		{1F7CE7A2-6350-4F8A-B758-5E275C9C88C9}.Debug|Any CPU.ActiveCfg = Debug|Any CPU
		{1F7CE7A2-6350-4F8A-B758-5E275C9C88C9}.Debug|Any CPU.Build.0 = Debug|Any CPU
		{1F7CE7A2-6350-4F8A-B758-5E275C9C88C9}.Debug|x64.ActiveCfg = Debug|Any CPU
		{1F7CE7A2-6350-4F8A-B758-5E275C9C88C9}.Debug|x64.Build.0 = Debug|Any CPU
		{1F7CE7A2-6350-4F8A-B758-5E275C9C88C9}.Release|Any CPU.ActiveCfg = Release|Any CPU
		{1F7CE7A2-6350-4F8A-B758-5E275C9C88C9}.Release|Any CPU.Build.0 = Release|Any CPU
		{1F7CE7A2-6350-4F8A-B758-5E275C9C88C9}.Release|x64.ActiveCfg = Release|Any CPU
		{1F7CE7A2-6350-4F8A-B758-5E275C9C88C9}.Release|x64.Build.0 = Release|Any CPU
		{1F7CE7A2-6350-4F8A-B758-5E275C9C88C9}.TestAuomation|Any CPU.ActiveCfg = Debug|Any CPU
		{1F7CE7A2-6350-4F8A-B758-5E275C9C88C9}.TestAuomation|Any CPU.Build.0 = Debug|Any CPU
		{1F7CE7A2-6350-4F8A-B758-5E275C9C88C9}.TestAuomation|x64.ActiveCfg = Release|Any CPU
		{1F7CE7A2-6350-4F8A-B758-5E275C9C88C9}.TestAuomation|x64.Build.0 = Release|Any CPU
	EndGlobalSection
	GlobalSection(SolutionProperties) = preSolution
		HideSolutionNode = FALSE
	EndGlobalSection
	GlobalSection(NestedProjects) = preSolution
		{73668181-7A26-435D-83E3-CF141AC8FD0B} = {1CBEF4C1-7D90-4A78-AA55-D81F1447A70E}
		{0894F054-5C4D-4DDD-A8E9-636416189234} = {AB312EE3-CBA4-469A-8694-67C5466298C5}
		{902D54CF-CD5F-4932-B1DC-01A3937AC054} = {1CBEF4C1-7D90-4A78-AA55-D81F1447A70E}
		{1F7CE7A2-6350-4F8A-B758-5E275C9C88C9} = {AB312EE3-CBA4-469A-8694-67C5466298C5}
	EndGlobalSection
	GlobalSection(ExtensibilityGlobals) = postSolution
		SolutionGuid = {61F7FB11-1E47-470C-91E2-47F8143E1572}
	EndGlobalSection
EndGlobal
